{
  "name": "e-book",
  "version": "1.0.0",
  "lockfileVersion": 3,
  "requires": true,
  "packages": {
    "": {
      "name": "e-book",
      "version": "1.0.0",
      "license": "ISC",
      "dependencies": {
        "gede-book-api": "^1.0.8"
      }
    },
    "node_modules/gede-book-api": {
      "version": "1.0.8",
      "resolved": "https://registry.npmjs.org/gede-book-api/-/gede-book-api-1.0.8.tgz",
      "integrity": "sha512-/uqtuKropN0UcrNYd3R5Kic3BYdTDKBAuEbktQM4CcifirNWJJf69YJO/s62X8GPTMCcs2ERTcadgN12EQtQzQ=="
    }
  }
}
