{
  "name": "e-book",
  "version": "1.0.0",
  "lockfileVersion": 3,
  "requires": true,
  "packages": {
    "": {
      "name": "e-book",
      "version": "1.0.0",
      "license": "ISC",
      "dependencies": {
        "gede-book-api": "^1.0.6"
      }
    },
    "node_modules/gede-book-api": {
      "version": "1.0.6",
      "resolved": "https://registry.npmjs.org/gede-book-api/-/gede-book-api-1.0.6.tgz",
      "integrity": "sha512-0HJEIvlTltovuo3SGR/NtUzYVEKa5FSE/c7MGm+KxJv/clgAaTwkdbqD9k0vHGOHro7UCQH+Ug+AdWqH9vjJPg=="
    }
  }
}
